
Microsoft Visual Studio Solution File, Format Version 12.00
# Visual Studio Version 17
VisualStudioVersion = 17.5.002.0
MinimumVisualStudioVersion = 10.0.40219.1
Project("{9A19103F-16F7-4668-BE54-9A1E7A4F7556}") = "CS008", "CS008.csproj", "{BC940D0E-93E9-4802-83B0-F5AC74C21A0E}"
EndProject
Global
	GlobalSection(SolutionConfigurationPlatforms) = preSolution
		Debug|Any CPU = Debug|Any CPU
		Release|Any CPU = Release|Any CPU
	EndGlobalSection
	GlobalSection(ProjectConfigurationPlatforms) = postSolution
		{BC940D0E-93E9-4802-83B0-F5AC74C21A0E}.Debug|Any CPU.ActiveCfg = Debug|Any CPU
		{BC940D0E-93E9-4802-83B0-F5AC74C21A0E}.Debug|Any CPU.Build.0 = Debug|Any CPU
		{BC940D0E-93E9-4802-83B0-F5AC74C21A0E}.Release|Any CPU.ActiveCfg = Release|Any CPU
		{BC940D0E-93E9-4802-83B0-F5AC74C21A0E}.Release|Any CPU.Build.0 = Release|Any CPU
	EndGlobalSection
	GlobalSection(SolutionProperties) = preSolution
		HideSolutionNode = FALSE
	EndGlobalSection
	GlobalSection(ExtensibilityGlobals) = postSolution
		SolutionGuid = {2B662FF3-B3A6-453D-8C8C-9AE0122C1ECB}
	EndGlobalSection
EndGlobal
